
Microsoft Visual Studio Solution File, Format Version 12.00
# Visual Studio Version 17
VisualStudioVersion = 17.2.32526.322
MinimumVisualStudioVersion = 10.0.40219.1
Project("{FAE04EC0-301F-11D3-BF4B-00C04F79EFBC}") = "ProxiBusNicWeb", "ProxiBusNicWeb\ProxiBusNicWeb.csproj", "{E1B8DEE1-1FFC-42B5-BFB9-4BCC4B8546EB}"
EndProject
Global
	GlobalSection(SolutionConfigurationPlatforms) = preSolution
		Debug|Any CPU = Debug|Any CPU
		Release|Any CPU = Release|Any CPU
	EndGlobalSection
	GlobalSection(ProjectConfigurationPlatforms) = postSolution
		{E1B8DEE1-1FFC-42B5-BFB9-4BCC4B8546EB}.Debug|Any CPU.ActiveCfg = Debug|Any CPU
		{E1B8DEE1-1FFC-42B5-BFB9-4BCC4B8546EB}.Debug|Any CPU.Build.0 = Debug|Any CPU
		{E1B8DEE1-1FFC-42B5-BFB9-4BCC4B8546EB}.Release|Any CPU.ActiveCfg = Release|Any CPU
		{E1B8DEE1-1FFC-42B5-BFB9-4BCC4B8546EB}.Release|Any CPU.Build.0 = Release|Any CPU
	EndGlobalSection
	GlobalSection(SolutionProperties) = preSolution
		HideSolutionNode = FALSE
	EndGlobalSection
	GlobalSection(ExtensibilityGlobals) = postSolution
		SolutionGuid = {67A04606-45EA-48B1-99B6-3543C8A66716}
	EndGlobalSection
EndGlobal
